
Microsoft Visual Studio Solution File, Format Version 12.00
# Visual Studio 14
VisualStudioVersion = 14.0.23107.0
MinimumVisualStudioVersion = 10.0.40219.1
Project("{FAE04EC0-301F-11D3-BF4B-00C04F79EFBC}") = "DataAccess", "DataAccess\DataAccess.csproj", "{E8EFDEB9-7872-40E2-9ED8-E04B23F56942}"
EndProject
Project("{FAE04EC0-301F-11D3-BF4B-00C04F79EFBC}") = "DataAccessAPI", "DataAccessAPI\DataAccessAPI.csproj", "{5B273ABF-B87C-4129-A5FF-17DCAD9CA2D5}"
EndProject
Project("{FAE04EC0-301F-11D3-BF4B-00C04F79EFBC}") = "BusinessLogic", "BusinessLogic\BusinessLogic.csproj", "{3F852A70-B221-4BC2-A90F-B6CB91CBC84B}"
EndProject
Project("{FAE04EC0-301F-11D3-BF4B-00C04F79EFBC}") = "BusinessLogicAPI", "BusinessLogicAPI\BusinessLogicAPI.csproj", "{79DAF622-D6DD-4DDF-A12F-1C9D85DE414D}"
EndProject
Project("{FAE04EC0-301F-11D3-BF4B-00C04F79EFBC}") = "DependencyResolver", "DependencyResolver\DependencyResolver.csproj", "{C32C68E3-FC50-4371-A241-991990014792}"
EndProject
Project("{FAE04EC0-301F-11D3-BF4B-00C04F79EFBC}") = "PresentationWeb", "PresentationWeb\PresentationWeb.csproj", "{348A1CB9-069D-4E69-8B16-BF6028106E20}"
EndProject
Global
	GlobalSection(SolutionConfigurationPlatforms) = preSolution
		Debug|Any CPU = Debug|Any CPU
		Release|Any CPU = Release|Any CPU
	EndGlobalSection
	GlobalSection(ProjectConfigurationPlatforms) = postSolution
		{E8EFDEB9-7872-40E2-9ED8-E04B23F56942}.Debug|Any CPU.ActiveCfg = Debug|Any CPU
		{E8EFDEB9-7872-40E2-9ED8-E04B23F56942}.Debug|Any CPU.Build.0 = Debug|Any CPU
		{E8EFDEB9-7872-40E2-9ED8-E04B23F56942}.Release|Any CPU.ActiveCfg = Release|Any CPU
		{E8EFDEB9-7872-40E2-9ED8-E04B23F56942}.Release|Any CPU.Build.0 = Release|Any CPU
		{5B273ABF-B87C-4129-A5FF-17DCAD9CA2D5}.Debug|Any CPU.ActiveCfg = Debug|Any CPU
		{5B273ABF-B87C-4129-A5FF-17DCAD9CA2D5}.Debug|Any CPU.Build.0 = Debug|Any CPU
		{5B273ABF-B87C-4129-A5FF-17DCAD9CA2D5}.Release|Any CPU.ActiveCfg = Release|Any CPU
		{5B273ABF-B87C-4129-A5FF-17DCAD9CA2D5}.Release|Any CPU.Build.0 = Release|Any CPU
		{3F852A70-B221-4BC2-A90F-B6CB91CBC84B}.Debug|Any CPU.ActiveCfg = Debug|Any CPU
		{3F852A70-B221-4BC2-A90F-B6CB91CBC84B}.Debug|Any CPU.Build.0 = Debug|Any CPU
		{3F852A70-B221-4BC2-A90F-B6CB91CBC84B}.Release|Any CPU.ActiveCfg = Release|Any CPU
		{3F852A70-B221-4BC2-A90F-B6CB91CBC84B}.Release|Any CPU.Build.0 = Release|Any CPU
		{79DAF622-D6DD-4DDF-A12F-1C9D85DE414D}.Debug|Any CPU.ActiveCfg = Debug|Any CPU
		{79DAF622-D6DD-4DDF-A12F-1C9D85DE414D}.Debug|Any CPU.Build.0 = Debug|Any CPU
		{79DAF622-D6DD-4DDF-A12F-1C9D85DE414D}.Release|Any CPU.ActiveCfg = Release|Any CPU
		{79DAF622-D6DD-4DDF-A12F-1C9D85DE414D}.Release|Any CPU.Build.0 = Release|Any CPU
		{C32C68E3-FC50-4371-A241-991990014792}.Debug|Any CPU.ActiveCfg = Debug|Any CPU
		{C32C68E3-FC50-4371-A241-991990014792}.Debug|Any CPU.Build.0 = Debug|Any CPU
		{C32C68E3-FC50-4371-A241-991990014792}.Release|Any CPU.ActiveCfg = Release|Any CPU
		{C32C68E3-FC50-4371-A241-991990014792}.Release|Any CPU.Build.0 = Release|Any CPU
		{348A1CB9-069D-4E69-8B16-BF6028106E20}.Debug|Any CPU.ActiveCfg = Debug|Any CPU
		{348A1CB9-069D-4E69-8B16-BF6028106E20}.Debug|Any CPU.Build.0 = Debug|Any CPU
		{348A1CB9-069D-4E69-8B16-BF6028106E20}.Release|Any CPU.ActiveCfg = Release|Any CPU
		{348A1CB9-069D-4E69-8B16-BF6028106E20}.Release|Any CPU.Build.0 = Release|Any CPU
	EndGlobalSection
	GlobalSection(SolutionProperties) = preSolution
		HideSolutionNode = FALSE
	EndGlobalSection
EndGlobal
